
Microsoft Visual Studio Solution File, Format Version 12.00
# Visual Studio Version 17
VisualStudioVersion = 17.3.32922.545
MinimumVisualStudioVersion = 10.0.40219.1
Project("{FAE04EC0-301F-11D3-BF4B-00C04F79EFBC}") = "PumpService", "PumpService\PumpService.csproj", "{CDBBA058-F6AC-48F4-BB38-939EEB0E9985}"
EndProject
Project("{FAE04EC0-301F-11D3-BF4B-00C04F79EFBC}") = "PumpClient", "PumpClient\PumpClient.csproj", "{FE9B937B-050D-4E4E-A532-97492D1A8819}"
	ProjectSection(ProjectDependencies) = postProject
		{CDBBA058-F6AC-48F4-BB38-939EEB0E9985} = {CDBBA058-F6AC-48F4-BB38-939EEB0E9985}
	EndProjectSection
EndProject
Global
	GlobalSection(SolutionConfigurationPlatforms) = preSolution
		Debug|Any CPU = Debug|Any CPU
		Release|Any CPU = Release|Any CPU
	EndGlobalSection
	GlobalSection(ProjectConfigurationPlatforms) = postSolution
		{CDBBA058-F6AC-48F4-BB38-939EEB0E9985}.Debug|Any CPU.ActiveCfg = Debug|Any CPU
		{CDBBA058-F6AC-48F4-BB38-939EEB0E9985}.Debug|Any CPU.Build.0 = Debug|Any CPU
		{CDBBA058-F6AC-48F4-BB38-939EEB0E9985}.Release|Any CPU.ActiveCfg = Release|Any CPU
		{CDBBA058-F6AC-48F4-BB38-939EEB0E9985}.Release|Any CPU.Build.0 = Release|Any CPU
		{FE9B937B-050D-4E4E-A532-97492D1A8819}.Debug|Any CPU.ActiveCfg = Debug|Any CPU
		{FE9B937B-050D-4E4E-A532-97492D1A8819}.Debug|Any CPU.Build.0 = Debug|Any CPU
		{FE9B937B-050D-4E4E-A532-97492D1A8819}.Release|Any CPU.ActiveCfg = Release|Any CPU
		{FE9B937B-050D-4E4E-A532-97492D1A8819}.Release|Any CPU.Build.0 = Release|Any CPU
	EndGlobalSection
	GlobalSection(SolutionProperties) = preSolution
		HideSolutionNode = FALSE
	EndGlobalSection
	GlobalSection(ExtensibilityGlobals) = postSolution
		SolutionGuid = {1A9636F7-47D8-494D-8070-BEB41C73DC85}
	EndGlobalSection
EndGlobal
