
Microsoft Visual Studio Solution File, Format Version 12.00
# Visual Studio Version 17
VisualStudioVersion = 17.2.32314.265
MinimumVisualStudioVersion = 10.0.40219.1
Project("{9A19103F-16F7-4668-BE54-9A1E7A4F7556}") = "Timesheets", "Timesheets\Timesheets.csproj", "{CD4155C6-3DCB-485F-A2D8-EC9857CB3585}"
EndProject
Project("{FAE04EC0-301F-11D3-BF4B-00C04F79EFBC}") = "XUnitTester", "XUnitTester\XUnitTester.csproj", "{FE785589-2105-47FE-A2B6-97C153FD4FAE}"
EndProject
Global
	GlobalSection(SolutionConfigurationPlatforms) = preSolution
		Debug|Any CPU = Debug|Any CPU
		Release|Any CPU = Release|Any CPU
	EndGlobalSection
	GlobalSection(ProjectConfigurationPlatforms) = postSolution
		{CD4155C6-3DCB-485F-A2D8-EC9857CB3585}.Debug|Any CPU.ActiveCfg = Debug|Any CPU
		{CD4155C6-3DCB-485F-A2D8-EC9857CB3585}.Debug|Any CPU.Build.0 = Debug|Any CPU
		{CD4155C6-3DCB-485F-A2D8-EC9857CB3585}.Release|Any CPU.ActiveCfg = Release|Any CPU
		{CD4155C6-3DCB-485F-A2D8-EC9857CB3585}.Release|Any CPU.Build.0 = Release|Any CPU
		{FE785589-2105-47FE-A2B6-97C153FD4FAE}.Debug|Any CPU.ActiveCfg = Debug|Any CPU
		{FE785589-2105-47FE-A2B6-97C153FD4FAE}.Debug|Any CPU.Build.0 = Debug|Any CPU
		{FE785589-2105-47FE-A2B6-97C153FD4FAE}.Release|Any CPU.ActiveCfg = Release|Any CPU
		{FE785589-2105-47FE-A2B6-97C153FD4FAE}.Release|Any CPU.Build.0 = Release|Any CPU
	EndGlobalSection
	GlobalSection(SolutionProperties) = preSolution
		HideSolutionNode = FALSE
	EndGlobalSection
	GlobalSection(ExtensibilityGlobals) = postSolution
		SolutionGuid = {B02E697E-20F4-4FA5-A162-37382E632776}
	EndGlobalSection
EndGlobal
